{
  "name": "bedrock-api",
  "version": "1.0.3-release",
  "lockfileVersion": 3,
  "requires": true,
  "packages": {
    "": {
      "name": "bedrock-api",
      "version": "1.0.3-release",
      "license": "MIT",
      "dependencies": {
        "@minecraft/server": "^1.4.0-beta.1.20.10-stable",
        "@minecraft/server-gametest": "^1.0.0-beta.1.20.10-stable",
        "@minecraft/server-ui": "^1.2.0-beta.1.20.10-stable",
        "@minecraft/vanilla-data": "^1.20.10"
      }
    },
    "node_modules/@minecraft/server": {
      "version": "1.4.0-beta.1.20.10-stable",
      "resolved": "https://registry.npmjs.org/@minecraft/server/-/server-1.4.0-beta.1.20.10-stable.tgz",
      "integrity": "sha512-GFxR3rc83fLG4G1QV51D6a7V1EylomZrUMO1oUNINhkMpNBe2ACA9CBpLpkixxg0Y3aDpUnTkuhjQpoMnekPSA=="
    },
    "node_modules/@minecraft/server-gametest": {
      "version": "1.0.0-beta.1.20.10-stable",
      "resolved": "https://registry.npmjs.org/@minecraft/server-gametest/-/server-gametest-1.0.0-beta.1.20.10-stable.tgz",
      "integrity": "sha512-7E5mkOGL+m0EiKYmnVK1x0Kge7SNZwIGsHKL3Wigcrgga2LALq+xff5y7hSs87goddDxZfDsyFxVD0uQovOR1g==",
      "dependencies": {
        "@minecraft/server": "^1.4.0-beta.1.20.10-stable"
      }
    },
    "node_modules/@minecraft/server-ui": {
      "version": "1.2.0-beta.1.20.10-stable",
      "resolved": "https://registry.npmjs.org/@minecraft/server-ui/-/server-ui-1.2.0-beta.1.20.10-stable.tgz",
      "integrity": "sha512-ciStJuaHMxQhddJzZPiaJJBi6LjVEugr5LoamUaQhdd2qfgILAz/k3Nfwsx7YYDSTrg6jmMrAj4+Na5IJ7VITw==",
      "dependencies": {
        "@minecraft/server": "^1.4.0-beta.1.20.10-stable"
      }
    },
    "node_modules/@minecraft/vanilla-data": {
      "version": "1.20.10",
      "resolved": "https://registry.npmjs.org/@minecraft/vanilla-data/-/vanilla-data-1.20.10.tgz",
      "integrity": "sha512-3FbbRSJspjJyk5eFPSj70wp776tIaqP3Apo2q2yCMkzBhH0iwPizl5aDer6ZwWBPiipGev9039Or2R9wyAplbg=="
    }
  }
}
