{
  "name": "Bedrock-API",
  "lockfileVersion": 3,
  "requires": true,
  "packages": {
    "": {
      "dependencies": {
        "@minecraft/server": "^1.3.0-beta.1.20.0-stable",
        "@minecraft/server-gametest": "^1.0.0-beta.1.20.0-stable",
        "@minecraft/server-ui": "^1.1.0-beta.1.20.0-stable",
        "@minecraft/vanilla-data": "^1.20.0"
      }
    },
    "node_modules/@minecraft/server": {
      "version": "1.3.0-beta.1.20.0-stable",
      "resolved": "https://registry.npmjs.org/@minecraft/server/-/server-1.3.0-beta.1.20.0-stable.tgz",
      "integrity": "sha512-OBmJv81WzV55r7M7wwgFFTormGr6qrR4cwCWlylMQeVhbmS+x6FKYOrTahKHxcBugz0rfYl6i154TqC0FTUDEQ=="
    },
    "node_modules/@minecraft/server-gametest": {
      "version": "1.0.0-beta.1.20.0-stable",
      "resolved": "https://registry.npmjs.org/@minecraft/server-gametest/-/server-gametest-1.0.0-beta.1.20.0-stable.tgz",
      "integrity": "sha512-tGd4mJ8al4/RYBHeZzU4FDMZ28/2snChLuqMsDGkvzYSrNDcNiMsC8hbt5G3ZOp19a/SMDsk25rYjrz2M6yh3Q==",
      "dependencies": {
        "@minecraft/server": "1.3.0-beta.1.20.0-stable"
      }
    },
    "node_modules/@minecraft/server-ui": {
      "version": "1.1.0-beta.1.20.0-stable",
      "resolved": "https://registry.npmjs.org/@minecraft/server-ui/-/server-ui-1.1.0-beta.1.20.0-stable.tgz",
      "integrity": "sha512-rzPFExkj2MtoVC8OKFRleWfCfzUecZgw3+xMo3IEpG6JEW7Fp8aQHGJhsQNsL+pwLBSchVj4zpt+HVHzCIs2gA==",
      "dependencies": {
        "@minecraft/server": "1.3.0-beta.1.20.0-stable"
      }
    },
    "node_modules/@minecraft/vanilla-data": {
      "version": "1.20.0",
      "resolved": "https://registry.npmjs.org/@minecraft/vanilla-data/-/vanilla-data-1.20.0.tgz",
      "integrity": "sha512-kKslL7LLhprx3E4PjZJIF5GbMWAJ1kxTkJLlNGuLQqKWc/ICM8+McoF3invawy1+cmMMcSy/D9BMa+ILAleC9w=="
    }
  }
}
