{
  "name": "bedrock-api",
  "version": "1.0.3-release",
  "lockfileVersion": 3,
  "requires": true,
  "packages": {
    "": {
      "name": "bedrock-api",
      "version": "1.0.3-release",
      "license": "MIT",
      "dependencies": {
        "@minecraft/server": "^1.6.0-beta.1.20.30-stable",
        "@minecraft/server-gametest": "^1.0.0-beta.1.20.30-stable",
        "@minecraft/server-ui": "^1.2.0-beta.1.20.30-stable",
        "@minecraft/vanilla-data": "^1.20.30"
      },
      "devDependencies": {
        "typescript": "^5.2.2"
      }
    },
    "node_modules/@minecraft/server": {
      "version": "1.6.0-beta.1.20.30-stable",
      "resolved": "https://registry.npmjs.org/@minecraft/server/-/server-1.6.0-beta.1.20.30-stable.tgz",
      "integrity": "sha512-hvRjxbI7cl7LVAv+wmw253O6IHFUVBEMvTl+FJLnUaQv9f/JkGBaVDKgyH0yR7G1SMgVLRoQIA5CM8IZWYDHew=="
    },
    "node_modules/@minecraft/server-gametest": {
      "version": "1.0.0-beta.1.20.30-stable",
      "resolved": "https://registry.npmjs.org/@minecraft/server-gametest/-/server-gametest-1.0.0-beta.1.20.30-stable.tgz",
      "integrity": "sha512-lZr+daZO3xFP8QwAUi3efs4JWgBY1hpLTzDJOT19940LhEdKd99CxlM52dmUNMoryRgsgfHnUKMIuEqsvggZ8w==",
      "dependencies": {
        "@minecraft/server": "^1.6.0-beta.1.20.30-stable"
      }
    },
    "node_modules/@minecraft/server-ui": {
      "version": "1.2.0-beta.1.20.30-stable",
      "resolved": "https://registry.npmjs.org/@minecraft/server-ui/-/server-ui-1.2.0-beta.1.20.30-stable.tgz",
      "integrity": "sha512-0Sk3qFwOmMpihk/q5LTlpi4TfsuM6I/3PbMz1ijM/3zFP49CgXu9ZyDAYT6gQAOtnBIaQBM0Y7BFVrwtxDoMYw==",
      "dependencies": {
        "@minecraft/server": "^1.6.0-beta.1.20.30-stable"
      }
    },
    "node_modules/@minecraft/vanilla-data": {
      "version": "1.20.30",
      "resolved": "https://registry.npmjs.org/@minecraft/vanilla-data/-/vanilla-data-1.20.30.tgz",
      "integrity": "sha512-ADFHOm5BPmeNCN3P2seCVtMFaCDeUD6in/SgtAsYQrWS2lcrdmQjYqMAKVYwDlsUejoLzcmObFbTZI1/L21fww=="
    },
    "node_modules/typescript": {
      "version": "5.2.2",
      "resolved": "https://registry.npmjs.org/typescript/-/typescript-5.2.2.tgz",
      "integrity": "sha512-mI4WrpHsbCIcwT9cF4FZvr80QUeKvsUsUvKDoR+X/7XHQH98xYD8YHZg7ANtz2GtZt/CBq2QJ0thkGJMHfqc1w==",
      "dev": true,
      "bin": {
        "tsc": "bin/tsc",
        "tsserver": "bin/tsserver"
      },
      "engines": {
        "node": ">=14.17"
      }
    }
  }
}
